
Microsoft Visual Studio Solution File, Format Version 12.00
# Visual Studio Version 17
VisualStudioVersion = 17.6.33829.357
MinimumVisualStudioVersion = 10.0.40219.1
Project("{FAE04EC0-301F-11D3-BF4B-00C04F79EFBC}") = "1. Clock", "1. Clock.csproj", "{76E33F51-990C-4D0B-B7FA-312675E730C8}"
EndProject
Project("{FAE04EC0-301F-11D3-BF4B-00C04F79EFBC}") = "02. Multiplication-Table", "..\02. Multiplication-Table\02. Multiplication-Table.csproj", "{4B36CCE5-397C-4693-A11A-AD4E58C00D00}"
EndProject
Project("{FAE04EC0-301F-11D3-BF4B-00C04F79EFBC}") = "03. Combinations", "..\03. Combinations\03. Combinations.csproj", "{8633DE16-4609-4F7C-85AA-B5EDEADABDA9}"
EndProject
Project("{FAE04EC0-301F-11D3-BF4B-00C04F79EFBC}") = "04. Sum-Of-Two-Numbers", "..\04. Sum-Of-Two-Numbers\04. Sum-Of-Two-Numbers.csproj", "{04F36D39-CAFB-4FBE-9CE6-673AC7F25E40}"
EndProject
Project("{FAE04EC0-301F-11D3-BF4B-00C04F79EFBC}") = "05. Travelling", "..\05. Travelling\05. Travelling.csproj", "{AD6E0CDA-BB04-4710-8299-BAAB90724EC4}"
EndProject
Project("{FAE04EC0-301F-11D3-BF4B-00C04F79EFBC}") = "06. Building", "..\06. Building\06. Building.csproj", "{1A5B4356-F98D-4165-9EA1-D6C9578752D7}"
EndProject
Project("{FAE04EC0-301F-11D3-BF4B-00C04F79EFBC}") = "0. First-Real-Clock", "..\0. First-Real-Clock\0. First-Real-Clock.csproj", "{0470C000-B886-46A3-9004-6F5942BDA8E5}"
EndProject
Global
	GlobalSection(SolutionConfigurationPlatforms) = preSolution
		Debug|Any CPU = Debug|Any CPU
		Release|Any CPU = Release|Any CPU
	EndGlobalSection
	GlobalSection(ProjectConfigurationPlatforms) = postSolution
		{76E33F51-990C-4D0B-B7FA-312675E730C8}.Debug|Any CPU.ActiveCfg = Debug|Any CPU
		{76E33F51-990C-4D0B-B7FA-312675E730C8}.Debug|Any CPU.Build.0 = Debug|Any CPU
		{76E33F51-990C-4D0B-B7FA-312675E730C8}.Release|Any CPU.ActiveCfg = Release|Any CPU
		{76E33F51-990C-4D0B-B7FA-312675E730C8}.Release|Any CPU.Build.0 = Release|Any CPU
		{4B36CCE5-397C-4693-A11A-AD4E58C00D00}.Debug|Any CPU.ActiveCfg = Debug|Any CPU
		{4B36CCE5-397C-4693-A11A-AD4E58C00D00}.Debug|Any CPU.Build.0 = Debug|Any CPU
		{4B36CCE5-397C-4693-A11A-AD4E58C00D00}.Release|Any CPU.ActiveCfg = Release|Any CPU
		{4B36CCE5-397C-4693-A11A-AD4E58C00D00}.Release|Any CPU.Build.0 = Release|Any CPU
		{8633DE16-4609-4F7C-85AA-B5EDEADABDA9}.Debug|Any CPU.ActiveCfg = Debug|Any CPU
		{8633DE16-4609-4F7C-85AA-B5EDEADABDA9}.Debug|Any CPU.Build.0 = Debug|Any CPU
		{8633DE16-4609-4F7C-85AA-B5EDEADABDA9}.Release|Any CPU.ActiveCfg = Release|Any CPU
		{8633DE16-4609-4F7C-85AA-B5EDEADABDA9}.Release|Any CPU.Build.0 = Release|Any CPU
		{04F36D39-CAFB-4FBE-9CE6-673AC7F25E40}.Debug|Any CPU.ActiveCfg = Debug|Any CPU
		{04F36D39-CAFB-4FBE-9CE6-673AC7F25E40}.Debug|Any CPU.Build.0 = Debug|Any CPU
		{04F36D39-CAFB-4FBE-9CE6-673AC7F25E40}.Release|Any CPU.ActiveCfg = Release|Any CPU
		{04F36D39-CAFB-4FBE-9CE6-673AC7F25E40}.Release|Any CPU.Build.0 = Release|Any CPU
		{AD6E0CDA-BB04-4710-8299-BAAB90724EC4}.Debug|Any CPU.ActiveCfg = Debug|Any CPU
		{AD6E0CDA-BB04-4710-8299-BAAB90724EC4}.Debug|Any CPU.Build.0 = Debug|Any CPU
		{AD6E0CDA-BB04-4710-8299-BAAB90724EC4}.Release|Any CPU.ActiveCfg = Release|Any CPU
		{AD6E0CDA-BB04-4710-8299-BAAB90724EC4}.Release|Any CPU.Build.0 = Release|Any CPU
		{1A5B4356-F98D-4165-9EA1-D6C9578752D7}.Debug|Any CPU.ActiveCfg = Debug|Any CPU
		{1A5B4356-F98D-4165-9EA1-D6C9578752D7}.Debug|Any CPU.Build.0 = Debug|Any CPU
		{1A5B4356-F98D-4165-9EA1-D6C9578752D7}.Release|Any CPU.ActiveCfg = Release|Any CPU
		{1A5B4356-F98D-4165-9EA1-D6C9578752D7}.Release|Any CPU.Build.0 = Release|Any CPU
		{0470C000-B886-46A3-9004-6F5942BDA8E5}.Debug|Any CPU.ActiveCfg = Debug|Any CPU
		{0470C000-B886-46A3-9004-6F5942BDA8E5}.Debug|Any CPU.Build.0 = Debug|Any CPU
		{0470C000-B886-46A3-9004-6F5942BDA8E5}.Release|Any CPU.ActiveCfg = Release|Any CPU
		{0470C000-B886-46A3-9004-6F5942BDA8E5}.Release|Any CPU.Build.0 = Release|Any CPU
	EndGlobalSection
	GlobalSection(SolutionProperties) = preSolution
		HideSolutionNode = FALSE
	EndGlobalSection
	GlobalSection(ExtensibilityGlobals) = postSolution
		SolutionGuid = {E3292CA1-0B67-4089-890B-66B24CFE5582}
	EndGlobalSection
EndGlobal
