
Microsoft Visual Studio Solution File, Format Version 12.00
# Visual Studio Version 17
VisualStudioVersion = 17.6.33829.357
MinimumVisualStudioVersion = 10.0.40219.1
Project("{FAE04EC0-301F-11D3-BF4B-00C04F79EFBC}") = "01. Agency-Profit", "01. Agency-Profit.csproj", "{C436BB86-4296-4821-BEB8-6EA5B34AC880}"
EndProject
Project("{FAE04EC0-301F-11D3-BF4B-00C04F79EFBC}") = "02. Cat-Walk", "..\07. Cat-Walk\02. Cat-Walk.csproj", "{70D09FCF-7635-47DF-913D-D1D899FB1436}"
EndProject
Project("{FAE04EC0-301F-11D3-BF4B-00C04F79EFBC}") = "03. Coffee-Machine", "..\08. Coffee-Machine\03. Coffee-Machine.csproj", "{DDB46942-57E6-4AE3-9A52-3DB0FDF41C64}"
EndProject
Project("{FAE04EC0-301F-11D3-BF4B-00C04F79EFBC}") = "04. Trekking-Mania", "..\09. Trekking-Mania\04. Trekking-Mania.csproj", "{7C53EA83-8803-4BA6-8B2D-7C4AFE4D04C9}"
EndProject
Project("{FAE04EC0-301F-11D3-BF4B-00C04F79EFBC}") = "05. Movie-Stars", "..\10. Movie-Stars\05. Movie-Stars.csproj", "{C2F0F68B-9DCC-42DD-8473-E93EF1F50FB6}"
EndProject
Project("{FAE04EC0-301F-11D3-BF4B-00C04F79EFBC}") = "06. Basketball-Tournaments", "..\11. Basketball-Tournaments\06. Basketball-Tournaments.csproj", "{CACE4A50-C9BC-443E-803A-269880017AB1}"
EndProject
Global
	GlobalSection(SolutionConfigurationPlatforms) = preSolution
		Debug|Any CPU = Debug|Any CPU
		Release|Any CPU = Release|Any CPU
	EndGlobalSection
	GlobalSection(ProjectConfigurationPlatforms) = postSolution
		{C436BB86-4296-4821-BEB8-6EA5B34AC880}.Debug|Any CPU.ActiveCfg = Debug|Any CPU
		{C436BB86-4296-4821-BEB8-6EA5B34AC880}.Debug|Any CPU.Build.0 = Debug|Any CPU
		{C436BB86-4296-4821-BEB8-6EA5B34AC880}.Release|Any CPU.ActiveCfg = Release|Any CPU
		{C436BB86-4296-4821-BEB8-6EA5B34AC880}.Release|Any CPU.Build.0 = Release|Any CPU
		{70D09FCF-7635-47DF-913D-D1D899FB1436}.Debug|Any CPU.ActiveCfg = Debug|Any CPU
		{70D09FCF-7635-47DF-913D-D1D899FB1436}.Debug|Any CPU.Build.0 = Debug|Any CPU
		{70D09FCF-7635-47DF-913D-D1D899FB1436}.Release|Any CPU.ActiveCfg = Release|Any CPU
		{70D09FCF-7635-47DF-913D-D1D899FB1436}.Release|Any CPU.Build.0 = Release|Any CPU
		{DDB46942-57E6-4AE3-9A52-3DB0FDF41C64}.Debug|Any CPU.ActiveCfg = Debug|Any CPU
		{DDB46942-57E6-4AE3-9A52-3DB0FDF41C64}.Debug|Any CPU.Build.0 = Debug|Any CPU
		{DDB46942-57E6-4AE3-9A52-3DB0FDF41C64}.Release|Any CPU.ActiveCfg = Release|Any CPU
		{DDB46942-57E6-4AE3-9A52-3DB0FDF41C64}.Release|Any CPU.Build.0 = Release|Any CPU
		{7C53EA83-8803-4BA6-8B2D-7C4AFE4D04C9}.Debug|Any CPU.ActiveCfg = Debug|Any CPU
		{7C53EA83-8803-4BA6-8B2D-7C4AFE4D04C9}.Debug|Any CPU.Build.0 = Debug|Any CPU
		{7C53EA83-8803-4BA6-8B2D-7C4AFE4D04C9}.Release|Any CPU.ActiveCfg = Release|Any CPU
		{7C53EA83-8803-4BA6-8B2D-7C4AFE4D04C9}.Release|Any CPU.Build.0 = Release|Any CPU
		{C2F0F68B-9DCC-42DD-8473-E93EF1F50FB6}.Debug|Any CPU.ActiveCfg = Debug|Any CPU
		{C2F0F68B-9DCC-42DD-8473-E93EF1F50FB6}.Debug|Any CPU.Build.0 = Debug|Any CPU
		{C2F0F68B-9DCC-42DD-8473-E93EF1F50FB6}.Release|Any CPU.ActiveCfg = Release|Any CPU
		{C2F0F68B-9DCC-42DD-8473-E93EF1F50FB6}.Release|Any CPU.Build.0 = Release|Any CPU
		{CACE4A50-C9BC-443E-803A-269880017AB1}.Debug|Any CPU.ActiveCfg = Debug|Any CPU
		{CACE4A50-C9BC-443E-803A-269880017AB1}.Debug|Any CPU.Build.0 = Debug|Any CPU
		{CACE4A50-C9BC-443E-803A-269880017AB1}.Release|Any CPU.ActiveCfg = Release|Any CPU
		{CACE4A50-C9BC-443E-803A-269880017AB1}.Release|Any CPU.Build.0 = Release|Any CPU
	EndGlobalSection
	GlobalSection(SolutionProperties) = preSolution
		HideSolutionNode = FALSE
	EndGlobalSection
	GlobalSection(ExtensibilityGlobals) = postSolution
		SolutionGuid = {4CD4DF9C-D1AD-4FC3-A333-20E55E792D2E}
	EndGlobalSection
EndGlobal
